
Microsoft Visual Studio Solution File, Format Version 10.00
# Visual Studio 2008
Project("{8BC9CEB8-8B4A-11D0-8D11-00A0C91BC942}") = "NyARToolkitCPP", "NyARToolkitCPP\NyARToolkitCPP.vcproj", "{D41825F6-E7FA-4823-A465-F87E3FB4D12D}"
EndProject
Project("{8BC9CEB8-8B4A-11D0-8D11-00A0C91BC942}") = "NyARToolkitCPP-RawTest", "NyARToolkitCPP-RawTest\NyARToolkitCPP-RawTest.vcproj", "{C9AA94AE-C30B-4E32-AAF8-78DFAB2920BC}"
	ProjectSection(ProjectDependencies) = postProject
		{D41825F6-E7FA-4823-A465-F87E3FB4D12D} = {D41825F6-E7FA-4823-A465-F87E3FB4D12D}
	EndProjectSection
EndProject
Project("{8BC9CEB8-8B4A-11D0-8D11-00A0C91BC942}") = "NyARToolkitCPP-IdMarker", "NyARToolkitCPP-IdMarker\NyARToolkitCPP-IdMarker.vcproj", "{1E833C12-B3FF-448B-9B71-693D9867F006}"
	ProjectSection(ProjectDependencies) = postProject
		{D41825F6-E7FA-4823-A465-F87E3FB4D12D} = {D41825F6-E7FA-4823-A465-F87E3FB4D12D}
	EndProjectSection
EndProject
Project("{8BC9CEB8-8B4A-11D0-8D11-00A0C91BC942}") = "NyARToolKitCPP-SingleARMarker", "NyARToolKitCPP-SingleARMarker\NyARToolKitCPP-SingleARMarker.vcproj", "{48345895-F493-4D1F-A4A6-2A8622D3B657}"
	ProjectSection(ProjectDependencies) = postProject
		{D41825F6-E7FA-4823-A465-F87E3FB4D12D} = {D41825F6-E7FA-4823-A465-F87E3FB4D12D}
	EndProjectSection
EndProject
Project("{8BC9CEB8-8B4A-11D0-8D11-00A0C91BC942}") = "NyARGLUtils", "NyARGLUtils\NyARGLUtils.vcproj", "{C9AD0C6B-E5B4-438C-BCD0-45EF39A16EAF}"
EndProject
Project("{2150E333-8FDC-42A3-9474-1A3956D46DE8}") = "Sample", "Sample", "{B607C712-9CA6-40A1-9147-B3CC58CFFA8B}"
EndProject
Project("{8BC9CEB8-8B4A-11D0-8D11-00A0C91BC942}") = "SimpleLite", "SimpleLite\SimpleLite.vcproj", "{7CA9255C-ABDB-4DDA-B05D-BD4F5C93E28E}"
EndProject
Project("{8BC9CEB8-8B4A-11D0-8D11-00A0C91BC942}") = "NyWin32CaptureLib", "..\extlib\NyWin32Capture\build\NyWin32CaptureLib.vcproj", "{626B32D4-1EE8-4D92-AA2E-C96603EA83CB}"
EndProject
Global
	GlobalSection(SolutionConfigurationPlatforms) = preSolution
		Debug_MBCS|Mixed Platforms = Debug_MBCS|Mixed Platforms
		Debug_MBCS|Win32 = Debug_MBCS|Win32
		Debug_MBCS|Windows Mobile 5.0 Pocket PC SDK (ARMV4I) = Debug_MBCS|Windows Mobile 5.0 Pocket PC SDK (ARMV4I)
		Debug_MBMFCS|Mixed Platforms = Debug_MBMFCS|Mixed Platforms
		Debug_MBMFCS|Win32 = Debug_MBMFCS|Win32
		Debug_MBMFCS|Windows Mobile 5.0 Pocket PC SDK (ARMV4I) = Debug_MBMFCS|Windows Mobile 5.0 Pocket PC SDK (ARMV4I)
		Debug|Mixed Platforms = Debug|Mixed Platforms
		Debug|Win32 = Debug|Win32
		Debug|Windows Mobile 5.0 Pocket PC SDK (ARMV4I) = Debug|Windows Mobile 5.0 Pocket PC SDK (ARMV4I)
		Release_MBCS|Mixed Platforms = Release_MBCS|Mixed Platforms
		Release_MBCS|Win32 = Release_MBCS|Win32
		Release_MBCS|Windows Mobile 5.0 Pocket PC SDK (ARMV4I) = Release_MBCS|Windows Mobile 5.0 Pocket PC SDK (ARMV4I)
		Release|Mixed Platforms = Release|Mixed Platforms
		Release|Win32 = Release|Win32
		Release|Windows Mobile 5.0 Pocket PC SDK (ARMV4I) = Release|Windows Mobile 5.0 Pocket PC SDK (ARMV4I)
	EndGlobalSection
	GlobalSection(ProjectConfigurationPlatforms) = postSolution
		{D41825F6-E7FA-4823-A465-F87E3FB4D12D}.Debug_MBCS|Mixed Platforms.ActiveCfg = Debug|Win32
		{D41825F6-E7FA-4823-A465-F87E3FB4D12D}.Debug_MBCS|Mixed Platforms.Build.0 = Debug|Win32
		{D41825F6-E7FA-4823-A465-F87E3FB4D12D}.Debug_MBCS|Win32.ActiveCfg = Debug|Win32
		{D41825F6-E7FA-4823-A465-F87E3FB4D12D}.Debug_MBCS|Win32.Build.0 = Debug|Win32
		{D41825F6-E7FA-4823-A465-F87E3FB4D12D}.Debug_MBCS|Windows Mobile 5.0 Pocket PC SDK (ARMV4I).ActiveCfg = Debug|Win32
		{D41825F6-E7FA-4823-A465-F87E3FB4D12D}.Debug_MBMFCS|Mixed Platforms.ActiveCfg = Debug|Win32
		{D41825F6-E7FA-4823-A465-F87E3FB4D12D}.Debug_MBMFCS|Mixed Platforms.Build.0 = Debug|Win32
		{D41825F6-E7FA-4823-A465-F87E3FB4D12D}.Debug_MBMFCS|Win32.ActiveCfg = Debug|Win32
		{D41825F6-E7FA-4823-A465-F87E3FB4D12D}.Debug_MBMFCS|Win32.Build.0 = Debug|Win32
		{D41825F6-E7FA-4823-A465-F87E3FB4D12D}.Debug_MBMFCS|Windows Mobile 5.0 Pocket PC SDK (ARMV4I).ActiveCfg = Debug|Win32
		{D41825F6-E7FA-4823-A465-F87E3FB4D12D}.Debug|Mixed Platforms.ActiveCfg = Debug|Win32
		{D41825F6-E7FA-4823-A465-F87E3FB4D12D}.Debug|Mixed Platforms.Build.0 = Debug|Win32
		{D41825F6-E7FA-4823-A465-F87E3FB4D12D}.Debug|Win32.ActiveCfg = Debug|Win32
		{D41825F6-E7FA-4823-A465-F87E3FB4D12D}.Debug|Win32.Build.0 = Debug|Win32
		{D41825F6-E7FA-4823-A465-F87E3FB4D12D}.Debug|Windows Mobile 5.0 Pocket PC SDK (ARMV4I).ActiveCfg = Debug|Win32
		{D41825F6-E7FA-4823-A465-F87E3FB4D12D}.Release_MBCS|Mixed Platforms.ActiveCfg = Release|Win32
		{D41825F6-E7FA-4823-A465-F87E3FB4D12D}.Release_MBCS|Mixed Platforms.Build.0 = Release|Win32
		{D41825F6-E7FA-4823-A465-F87E3FB4D12D}.Release_MBCS|Win32.ActiveCfg = Release|Win32
		{D41825F6-E7FA-4823-A465-F87E3FB4D12D}.Release_MBCS|Win32.Build.0 = Release|Win32
		{D41825F6-E7FA-4823-A465-F87E3FB4D12D}.Release_MBCS|Windows Mobile 5.0 Pocket PC SDK (ARMV4I).ActiveCfg = Release|Win32
		{D41825F6-E7FA-4823-A465-F87E3FB4D12D}.Release|Mixed Platforms.ActiveCfg = Release|Win32
		{D41825F6-E7FA-4823-A465-F87E3FB4D12D}.Release|Mixed Platforms.Build.0 = Release|Win32
		{D41825F6-E7FA-4823-A465-F87E3FB4D12D}.Release|Win32.ActiveCfg = Release|Win32
		{D41825F6-E7FA-4823-A465-F87E3FB4D12D}.Release|Win32.Build.0 = Release|Win32
		{D41825F6-E7FA-4823-A465-F87E3FB4D12D}.Release|Windows Mobile 5.0 Pocket PC SDK (ARMV4I).ActiveCfg = Release|Win32
		{C9AA94AE-C30B-4E32-AAF8-78DFAB2920BC}.Debug_MBCS|Mixed Platforms.ActiveCfg = Debug|Win32
		{C9AA94AE-C30B-4E32-AAF8-78DFAB2920BC}.Debug_MBCS|Mixed Platforms.Build.0 = Debug|Win32
		{C9AA94AE-C30B-4E32-AAF8-78DFAB2920BC}.Debug_MBCS|Win32.ActiveCfg = Debug|Win32
		{C9AA94AE-C30B-4E32-AAF8-78DFAB2920BC}.Debug_MBCS|Win32.Build.0 = Debug|Win32
		{C9AA94AE-C30B-4E32-AAF8-78DFAB2920BC}.Debug_MBCS|Windows Mobile 5.0 Pocket PC SDK (ARMV4I).ActiveCfg = Debug|Win32
		{C9AA94AE-C30B-4E32-AAF8-78DFAB2920BC}.Debug_MBMFCS|Mixed Platforms.ActiveCfg = Debug|Win32
		{C9AA94AE-C30B-4E32-AAF8-78DFAB2920BC}.Debug_MBMFCS|Mixed Platforms.Build.0 = Debug|Win32
		{C9AA94AE-C30B-4E32-AAF8-78DFAB2920BC}.Debug_MBMFCS|Win32.ActiveCfg = Debug|Win32
		{C9AA94AE-C30B-4E32-AAF8-78DFAB2920BC}.Debug_MBMFCS|Win32.Build.0 = Debug|Win32
		{C9AA94AE-C30B-4E32-AAF8-78DFAB2920BC}.Debug_MBMFCS|Windows Mobile 5.0 Pocket PC SDK (ARMV4I).ActiveCfg = Debug|Win32
		{C9AA94AE-C30B-4E32-AAF8-78DFAB2920BC}.Debug|Mixed Platforms.ActiveCfg = Debug|Win32
		{C9AA94AE-C30B-4E32-AAF8-78DFAB2920BC}.Debug|Mixed Platforms.Build.0 = Debug|Win32
		{C9AA94AE-C30B-4E32-AAF8-78DFAB2920BC}.Debug|Win32.ActiveCfg = Debug|Win32
		{C9AA94AE-C30B-4E32-AAF8-78DFAB2920BC}.Debug|Win32.Build.0 = Debug|Win32
		{C9AA94AE-C30B-4E32-AAF8-78DFAB2920BC}.Debug|Windows Mobile 5.0 Pocket PC SDK (ARMV4I).ActiveCfg = Debug|Win32
		{C9AA94AE-C30B-4E32-AAF8-78DFAB2920BC}.Release_MBCS|Mixed Platforms.ActiveCfg = Release|Win32
		{C9AA94AE-C30B-4E32-AAF8-78DFAB2920BC}.Release_MBCS|Mixed Platforms.Build.0 = Release|Win32
		{C9AA94AE-C30B-4E32-AAF8-78DFAB2920BC}.Release_MBCS|Win32.ActiveCfg = Release|Win32
		{C9AA94AE-C30B-4E32-AAF8-78DFAB2920BC}.Release_MBCS|Win32.Build.0 = Release|Win32
		{C9AA94AE-C30B-4E32-AAF8-78DFAB2920BC}.Release_MBCS|Windows Mobile 5.0 Pocket PC SDK (ARMV4I).ActiveCfg = Release|Win32
		{C9AA94AE-C30B-4E32-AAF8-78DFAB2920BC}.Release|Mixed Platforms.ActiveCfg = Release|Win32
		{C9AA94AE-C30B-4E32-AAF8-78DFAB2920BC}.Release|Mixed Platforms.Build.0 = Release|Win32
		{C9AA94AE-C30B-4E32-AAF8-78DFAB2920BC}.Release|Win32.ActiveCfg = Release|Win32
		{C9AA94AE-C30B-4E32-AAF8-78DFAB2920BC}.Release|Win32.Build.0 = Release|Win32
		{C9AA94AE-C30B-4E32-AAF8-78DFAB2920BC}.Release|Windows Mobile 5.0 Pocket PC SDK (ARMV4I).ActiveCfg = Release|Win32
		{1E833C12-B3FF-448B-9B71-693D9867F006}.Debug_MBCS|Mixed Platforms.ActiveCfg = Debug|Win32
		{1E833C12-B3FF-448B-9B71-693D9867F006}.Debug_MBCS|Mixed Platforms.Build.0 = Debug|Win32
		{1E833C12-B3FF-448B-9B71-693D9867F006}.Debug_MBCS|Win32.ActiveCfg = Debug|Win32
		{1E833C12-B3FF-448B-9B71-693D9867F006}.Debug_MBCS|Win32.Build.0 = Debug|Win32
		{1E833C12-B3FF-448B-9B71-693D9867F006}.Debug_MBCS|Windows Mobile 5.0 Pocket PC SDK (ARMV4I).ActiveCfg = Debug|Win32
		{1E833C12-B3FF-448B-9B71-693D9867F006}.Debug_MBMFCS|Mixed Platforms.ActiveCfg = Debug|Win32
		{1E833C12-B3FF-448B-9B71-693D9867F006}.Debug_MBMFCS|Mixed Platforms.Build.0 = Debug|Win32
		{1E833C12-B3FF-448B-9B71-693D9867F006}.Debug_MBMFCS|Win32.ActiveCfg = Debug|Win32
		{1E833C12-B3FF-448B-9B71-693D9867F006}.Debug_MBMFCS|Win32.Build.0 = Debug|Win32
		{1E833C12-B3FF-448B-9B71-693D9867F006}.Debug_MBMFCS|Windows Mobile 5.0 Pocket PC SDK (ARMV4I).ActiveCfg = Debug|Win32
		{1E833C12-B3FF-448B-9B71-693D9867F006}.Debug|Mixed Platforms.ActiveCfg = Debug|Win32
		{1E833C12-B3FF-448B-9B71-693D9867F006}.Debug|Mixed Platforms.Build.0 = Debug|Win32
		{1E833C12-B3FF-448B-9B71-693D9867F006}.Debug|Win32.ActiveCfg = Debug|Win32
		{1E833C12-B3FF-448B-9B71-693D9867F006}.Debug|Win32.Build.0 = Debug|Win32
		{1E833C12-B3FF-448B-9B71-693D9867F006}.Debug|Windows Mobile 5.0 Pocket PC SDK (ARMV4I).ActiveCfg = Debug|Win32
		{1E833C12-B3FF-448B-9B71-693D9867F006}.Release_MBCS|Mixed Platforms.ActiveCfg = Release|Win32
		{1E833C12-B3FF-448B-9B71-693D9867F006}.Release_MBCS|Mixed Platforms.Build.0 = Release|Win32
		{1E833C12-B3FF-448B-9B71-693D9867F006}.Release_MBCS|Win32.ActiveCfg = Release|Win32
		{1E833C12-B3FF-448B-9B71-693D9867F006}.Release_MBCS|Win32.Build.0 = Release|Win32
		{1E833C12-B3FF-448B-9B71-693D9867F006}.Release_MBCS|Windows Mobile 5.0 Pocket PC SDK (ARMV4I).ActiveCfg = Release|Win32
		{1E833C12-B3FF-448B-9B71-693D9867F006}.Release|Mixed Platforms.ActiveCfg = Release|Win32
		{1E833C12-B3FF-448B-9B71-693D9867F006}.Release|Mixed Platforms.Build.0 = Release|Win32
		{1E833C12-B3FF-448B-9B71-693D9867F006}.Release|Win32.ActiveCfg = Release|Win32
		{1E833C12-B3FF-448B-9B71-693D9867F006}.Release|Win32.Build.0 = Release|Win32
		{1E833C12-B3FF-448B-9B71-693D9867F006}.Release|Windows Mobile 5.0 Pocket PC SDK (ARMV4I).ActiveCfg = Release|Win32
		{48345895-F493-4D1F-A4A6-2A8622D3B657}.Debug_MBCS|Mixed Platforms.ActiveCfg = Debug|Win32
		{48345895-F493-4D1F-A4A6-2A8622D3B657}.Debug_MBCS|Mixed Platforms.Build.0 = Debug|Win32
		{48345895-F493-4D1F-A4A6-2A8622D3B657}.Debug_MBCS|Win32.ActiveCfg = Debug|Win32
		{48345895-F493-4D1F-A4A6-2A8622D3B657}.Debug_MBCS|Win32.Build.0 = Debug|Win32
		{48345895-F493-4D1F-A4A6-2A8622D3B657}.Debug_MBCS|Windows Mobile 5.0 Pocket PC SDK (ARMV4I).ActiveCfg = Debug|Win32
		{48345895-F493-4D1F-A4A6-2A8622D3B657}.Debug_MBMFCS|Mixed Platforms.ActiveCfg = Debug|Win32
		{48345895-F493-4D1F-A4A6-2A8622D3B657}.Debug_MBMFCS|Mixed Platforms.Build.0 = Debug|Win32
		{48345895-F493-4D1F-A4A6-2A8622D3B657}.Debug_MBMFCS|Win32.ActiveCfg = Debug|Win32
		{48345895-F493-4D1F-A4A6-2A8622D3B657}.Debug_MBMFCS|Win32.Build.0 = Debug|Win32
		{48345895-F493-4D1F-A4A6-2A8622D3B657}.Debug_MBMFCS|Windows Mobile 5.0 Pocket PC SDK (ARMV4I).ActiveCfg = Debug|Win32
		{48345895-F493-4D1F-A4A6-2A8622D3B657}.Debug|Mixed Platforms.ActiveCfg = Debug|Win32
		{48345895-F493-4D1F-A4A6-2A8622D3B657}.Debug|Mixed Platforms.Build.0 = Debug|Win32
		{48345895-F493-4D1F-A4A6-2A8622D3B657}.Debug|Win32.ActiveCfg = Debug|Win32
		{48345895-F493-4D1F-A4A6-2A8622D3B657}.Debug|Win32.Build.0 = Debug|Win32
		{48345895-F493-4D1F-A4A6-2A8622D3B657}.Debug|Windows Mobile 5.0 Pocket PC SDK (ARMV4I).ActiveCfg = Debug|Win32
		{48345895-F493-4D1F-A4A6-2A8622D3B657}.Release_MBCS|Mixed Platforms.ActiveCfg = Release|Win32
		{48345895-F493-4D1F-A4A6-2A8622D3B657}.Release_MBCS|Mixed Platforms.Build.0 = Release|Win32
		{48345895-F493-4D1F-A4A6-2A8622D3B657}.Release_MBCS|Win32.ActiveCfg = Release|Win32
		{48345895-F493-4D1F-A4A6-2A8622D3B657}.Release_MBCS|Win32.Build.0 = Release|Win32
		{48345895-F493-4D1F-A4A6-2A8622D3B657}.Release_MBCS|Windows Mobile 5.0 Pocket PC SDK (ARMV4I).ActiveCfg = Release|Win32
		{48345895-F493-4D1F-A4A6-2A8622D3B657}.Release|Mixed Platforms.ActiveCfg = Release|Win32
		{48345895-F493-4D1F-A4A6-2A8622D3B657}.Release|Mixed Platforms.Build.0 = Release|Win32
		{48345895-F493-4D1F-A4A6-2A8622D3B657}.Release|Win32.ActiveCfg = Release|Win32
		{48345895-F493-4D1F-A4A6-2A8622D3B657}.Release|Win32.Build.0 = Release|Win32
		{48345895-F493-4D1F-A4A6-2A8622D3B657}.Release|Windows Mobile 5.0 Pocket PC SDK (ARMV4I).ActiveCfg = Release|Win32
		{C9AD0C6B-E5B4-438C-BCD0-45EF39A16EAF}.Debug_MBCS|Mixed Platforms.ActiveCfg = Debug|Win32
		{C9AD0C6B-E5B4-438C-BCD0-45EF39A16EAF}.Debug_MBCS|Mixed Platforms.Build.0 = Debug|Win32
		{C9AD0C6B-E5B4-438C-BCD0-45EF39A16EAF}.Debug_MBCS|Win32.ActiveCfg = Debug|Win32
		{C9AD0C6B-E5B4-438C-BCD0-45EF39A16EAF}.Debug_MBCS|Win32.Build.0 = Debug|Win32
		{C9AD0C6B-E5B4-438C-BCD0-45EF39A16EAF}.Debug_MBCS|Windows Mobile 5.0 Pocket PC SDK (ARMV4I).ActiveCfg = Debug|Win32
		{C9AD0C6B-E5B4-438C-BCD0-45EF39A16EAF}.Debug_MBMFCS|Mixed Platforms.ActiveCfg = Debug|Win32
		{C9AD0C6B-E5B4-438C-BCD0-45EF39A16EAF}.Debug_MBMFCS|Mixed Platforms.Build.0 = Debug|Win32
		{C9AD0C6B-E5B4-438C-BCD0-45EF39A16EAF}.Debug_MBMFCS|Win32.ActiveCfg = Debug|Win32
		{C9AD0C6B-E5B4-438C-BCD0-45EF39A16EAF}.Debug_MBMFCS|Win32.Build.0 = Debug|Win32
		{C9AD0C6B-E5B4-438C-BCD0-45EF39A16EAF}.Debug_MBMFCS|Windows Mobile 5.0 Pocket PC SDK (ARMV4I).ActiveCfg = Debug|Win32
		{C9AD0C6B-E5B4-438C-BCD0-45EF39A16EAF}.Debug|Mixed Platforms.ActiveCfg = Debug|Win32
		{C9AD0C6B-E5B4-438C-BCD0-45EF39A16EAF}.Debug|Mixed Platforms.Build.0 = Debug|Win32
		{C9AD0C6B-E5B4-438C-BCD0-45EF39A16EAF}.Debug|Win32.ActiveCfg = Debug|Win32
		{C9AD0C6B-E5B4-438C-BCD0-45EF39A16EAF}.Debug|Win32.Build.0 = Debug|Win32
		{C9AD0C6B-E5B4-438C-BCD0-45EF39A16EAF}.Debug|Windows Mobile 5.0 Pocket PC SDK (ARMV4I).ActiveCfg = Debug|Win32
		{C9AD0C6B-E5B4-438C-BCD0-45EF39A16EAF}.Release_MBCS|Mixed Platforms.ActiveCfg = Release|Win32
		{C9AD0C6B-E5B4-438C-BCD0-45EF39A16EAF}.Release_MBCS|Mixed Platforms.Build.0 = Release|Win32
		{C9AD0C6B-E5B4-438C-BCD0-45EF39A16EAF}.Release_MBCS|Win32.ActiveCfg = Release|Win32
		{C9AD0C6B-E5B4-438C-BCD0-45EF39A16EAF}.Release_MBCS|Win32.Build.0 = Release|Win32
		{C9AD0C6B-E5B4-438C-BCD0-45EF39A16EAF}.Release_MBCS|Windows Mobile 5.0 Pocket PC SDK (ARMV4I).ActiveCfg = Release|Win32
		{C9AD0C6B-E5B4-438C-BCD0-45EF39A16EAF}.Release|Mixed Platforms.ActiveCfg = Release|Win32
		{C9AD0C6B-E5B4-438C-BCD0-45EF39A16EAF}.Release|Mixed Platforms.Build.0 = Release|Win32
		{C9AD0C6B-E5B4-438C-BCD0-45EF39A16EAF}.Release|Win32.ActiveCfg = Release|Win32
		{C9AD0C6B-E5B4-438C-BCD0-45EF39A16EAF}.Release|Win32.Build.0 = Release|Win32
		{C9AD0C6B-E5B4-438C-BCD0-45EF39A16EAF}.Release|Windows Mobile 5.0 Pocket PC SDK (ARMV4I).ActiveCfg = Release|Win32
		{7CA9255C-ABDB-4DDA-B05D-BD4F5C93E28E}.Debug_MBCS|Mixed Platforms.ActiveCfg = Debug|Win32
		{7CA9255C-ABDB-4DDA-B05D-BD4F5C93E28E}.Debug_MBCS|Mixed Platforms.Build.0 = Debug|Win32
		{7CA9255C-ABDB-4DDA-B05D-BD4F5C93E28E}.Debug_MBCS|Win32.ActiveCfg = Debug|Win32
		{7CA9255C-ABDB-4DDA-B05D-BD4F5C93E28E}.Debug_MBCS|Win32.Build.0 = Debug|Win32
		{7CA9255C-ABDB-4DDA-B05D-BD4F5C93E28E}.Debug_MBCS|Windows Mobile 5.0 Pocket PC SDK (ARMV4I).ActiveCfg = Debug|Win32
		{7CA9255C-ABDB-4DDA-B05D-BD4F5C93E28E}.Debug_MBMFCS|Mixed Platforms.ActiveCfg = Debug|Win32
		{7CA9255C-ABDB-4DDA-B05D-BD4F5C93E28E}.Debug_MBMFCS|Mixed Platforms.Build.0 = Debug|Win32
		{7CA9255C-ABDB-4DDA-B05D-BD4F5C93E28E}.Debug_MBMFCS|Win32.ActiveCfg = Debug|Win32
		{7CA9255C-ABDB-4DDA-B05D-BD4F5C93E28E}.Debug_MBMFCS|Win32.Build.0 = Debug|Win32
		{7CA9255C-ABDB-4DDA-B05D-BD4F5C93E28E}.Debug_MBMFCS|Windows Mobile 5.0 Pocket PC SDK (ARMV4I).ActiveCfg = Debug|Win32
		{7CA9255C-ABDB-4DDA-B05D-BD4F5C93E28E}.Debug|Mixed Platforms.ActiveCfg = Debug|Win32
		{7CA9255C-ABDB-4DDA-B05D-BD4F5C93E28E}.Debug|Mixed Platforms.Build.0 = Debug|Win32
		{7CA9255C-ABDB-4DDA-B05D-BD4F5C93E28E}.Debug|Win32.ActiveCfg = Debug|Win32
		{7CA9255C-ABDB-4DDA-B05D-BD4F5C93E28E}.Debug|Win32.Build.0 = Debug|Win32
		{7CA9255C-ABDB-4DDA-B05D-BD4F5C93E28E}.Debug|Windows Mobile 5.0 Pocket PC SDK (ARMV4I).ActiveCfg = Debug|Win32
		{7CA9255C-ABDB-4DDA-B05D-BD4F5C93E28E}.Release_MBCS|Mixed Platforms.ActiveCfg = Release|Win32
		{7CA9255C-ABDB-4DDA-B05D-BD4F5C93E28E}.Release_MBCS|Mixed Platforms.Build.0 = Release|Win32
		{7CA9255C-ABDB-4DDA-B05D-BD4F5C93E28E}.Release_MBCS|Win32.ActiveCfg = Release|Win32
		{7CA9255C-ABDB-4DDA-B05D-BD4F5C93E28E}.Release_MBCS|Win32.Build.0 = Release|Win32
		{7CA9255C-ABDB-4DDA-B05D-BD4F5C93E28E}.Release_MBCS|Windows Mobile 5.0 Pocket PC SDK (ARMV4I).ActiveCfg = Release|Win32
		{7CA9255C-ABDB-4DDA-B05D-BD4F5C93E28E}.Release|Mixed Platforms.ActiveCfg = Release|Win32
		{7CA9255C-ABDB-4DDA-B05D-BD4F5C93E28E}.Release|Mixed Platforms.Build.0 = Release|Win32
		{7CA9255C-ABDB-4DDA-B05D-BD4F5C93E28E}.Release|Win32.ActiveCfg = Release|Win32
		{7CA9255C-ABDB-4DDA-B05D-BD4F5C93E28E}.Release|Win32.Build.0 = Release|Win32
		{7CA9255C-ABDB-4DDA-B05D-BD4F5C93E28E}.Release|Windows Mobile 5.0 Pocket PC SDK (ARMV4I).ActiveCfg = Release|Win32
		{626B32D4-1EE8-4D92-AA2E-C96603EA83CB}.Debug_MBCS|Mixed Platforms.ActiveCfg = Debug_MBCS|Win32
		{626B32D4-1EE8-4D92-AA2E-C96603EA83CB}.Debug_MBCS|Mixed Platforms.Build.0 = Debug_MBCS|Win32
		{626B32D4-1EE8-4D92-AA2E-C96603EA83CB}.Debug_MBCS|Win32.ActiveCfg = Debug_MBCS|Win32
		{626B32D4-1EE8-4D92-AA2E-C96603EA83CB}.Debug_MBCS|Win32.Build.0 = Debug_MBCS|Win32
		{626B32D4-1EE8-4D92-AA2E-C96603EA83CB}.Debug_MBCS|Windows Mobile 5.0 Pocket PC SDK (ARMV4I).ActiveCfg = Debug_MBCS|Win32
		{626B32D4-1EE8-4D92-AA2E-C96603EA83CB}.Debug_MBMFCS|Mixed Platforms.ActiveCfg = Debug_MBMFCS|Win32
		{626B32D4-1EE8-4D92-AA2E-C96603EA83CB}.Debug_MBMFCS|Mixed Platforms.Build.0 = Debug_MBMFCS|Win32
		{626B32D4-1EE8-4D92-AA2E-C96603EA83CB}.Debug_MBMFCS|Win32.ActiveCfg = Debug_MBMFCS|Win32
		{626B32D4-1EE8-4D92-AA2E-C96603EA83CB}.Debug_MBMFCS|Win32.Build.0 = Debug_MBMFCS|Win32
		{626B32D4-1EE8-4D92-AA2E-C96603EA83CB}.Debug_MBMFCS|Windows Mobile 5.0 Pocket PC SDK (ARMV4I).ActiveCfg = Debug_MBMFCS|Win32
		{626B32D4-1EE8-4D92-AA2E-C96603EA83CB}.Debug|Mixed Platforms.ActiveCfg = Debug_MBCS|Win32
		{626B32D4-1EE8-4D92-AA2E-C96603EA83CB}.Debug|Mixed Platforms.Build.0 = Debug_MBCS|Win32
		{626B32D4-1EE8-4D92-AA2E-C96603EA83CB}.Debug|Win32.ActiveCfg = Debug_MBCS|Win32
		{626B32D4-1EE8-4D92-AA2E-C96603EA83CB}.Debug|Win32.Build.0 = Debug_MBCS|Win32
		{626B32D4-1EE8-4D92-AA2E-C96603EA83CB}.Debug|Windows Mobile 5.0 Pocket PC SDK (ARMV4I).ActiveCfg = Debug_MBCS|Win32
		{626B32D4-1EE8-4D92-AA2E-C96603EA83CB}.Release_MBCS|Mixed Platforms.ActiveCfg = Release_MBCS|Win32
		{626B32D4-1EE8-4D92-AA2E-C96603EA83CB}.Release_MBCS|Mixed Platforms.Build.0 = Release_MBCS|Win32
		{626B32D4-1EE8-4D92-AA2E-C96603EA83CB}.Release_MBCS|Win32.ActiveCfg = Release_MBCS|Win32
		{626B32D4-1EE8-4D92-AA2E-C96603EA83CB}.Release_MBCS|Win32.Build.0 = Release_MBCS|Win32
		{626B32D4-1EE8-4D92-AA2E-C96603EA83CB}.Release_MBCS|Windows Mobile 5.0 Pocket PC SDK (ARMV4I).ActiveCfg = Release_MBCS|Win32
		{626B32D4-1EE8-4D92-AA2E-C96603EA83CB}.Release|Mixed Platforms.ActiveCfg = Release_MBCS|Win32
		{626B32D4-1EE8-4D92-AA2E-C96603EA83CB}.Release|Mixed Platforms.Build.0 = Release_MBCS|Win32
		{626B32D4-1EE8-4D92-AA2E-C96603EA83CB}.Release|Win32.ActiveCfg = Release_MBCS|Win32
		{626B32D4-1EE8-4D92-AA2E-C96603EA83CB}.Release|Win32.Build.0 = Release_MBCS|Win32
		{626B32D4-1EE8-4D92-AA2E-C96603EA83CB}.Release|Windows Mobile 5.0 Pocket PC SDK (ARMV4I).ActiveCfg = Release_MBCS|Win32
	EndGlobalSection
	GlobalSection(SolutionProperties) = preSolution
		HideSolutionNode = FALSE
	EndGlobalSection
	GlobalSection(NestedProjects) = preSolution
		{1E833C12-B3FF-448B-9B71-693D9867F006} = {B607C712-9CA6-40A1-9147-B3CC58CFFA8B}
		{48345895-F493-4D1F-A4A6-2A8622D3B657} = {B607C712-9CA6-40A1-9147-B3CC58CFFA8B}
		{C9AA94AE-C30B-4E32-AAF8-78DFAB2920BC} = {B607C712-9CA6-40A1-9147-B3CC58CFFA8B}
		{7CA9255C-ABDB-4DDA-B05D-BD4F5C93E28E} = {B607C712-9CA6-40A1-9147-B3CC58CFFA8B}
	EndGlobalSection
EndGlobal
